{
  "name": "aria2-nw",
  "version": "1.0.0",
  "lockfileVersion": 1,
  "requires": true,
  "dependencies": {
    "@types/node": {
      "version": "11.15.14",
      "resolved": "https://registry.npm.taobao.org/@types/node/download/@types/node-11.15.14.tgz",
      "integrity": "sha1-C4N+bTHN5aLrfI9m9QbUbwYvGDg=",
      "dev": true
    },
    "bootstrap": {
      "version": "4.5.0",
      "resolved": "https://registry.npm.taobao.org/bootstrap/download/bootstrap-4.5.0.tgz",
      "integrity": "sha1-l9nby1qJcvhyLJliSDVDuQfZuew="
    },
    "font-awesome": {
      "version": "4.7.0",
      "resolved": "https://registry.npm.taobao.org/font-awesome/download/font-awesome-4.7.0.tgz",
      "integrity": "sha1-j6jPBBGhoxr9B7BtKQK7n8gVoTM="
    },
    "jquery": {
      "version": "3.5.1",
      "resolved": "https://registry.npm.taobao.org/jquery/download/jquery-3.5.1.tgz",
      "integrity": "sha1-17TQjhv9uGrS8aPQOeoXMEcXq7U="
    },
    "nwjs-types": {
      "version": "1.0.0",
      "resolved": "https://registry.npm.taobao.org/nwjs-types/download/nwjs-types-1.0.0.tgz",
      "integrity": "sha1-2TmnSsnbJPraEaN8MkKnNUSQffo=",
      "dev": true,
      "requires": {
        "@types/node": "^11.11.3"
      }
    },
    "popper.js": {
      "version": "1.16.1",
      "resolved": "https://registry.npm.taobao.org/popper.js/download/popper.js-1.16.1.tgz",
      "integrity": "sha1-KiI8s9x7YhPXQOQDcr5A3kPmWxs="
    }
  }
}
